{
  "name": "newitem",
  "version": "0.1.0",
  "lockfileVersion": 1,
  "requires": true,
  "dependencies": {
    "tiny-cookie": {
      "version": "1.0.1",
      "resolved": "https://registry.npm.taobao.org/tiny-cookie/download/tiny-cookie-1.0.1.tgz",
      "dev": true
    },
    "vue-cookie": {
      "version": "1.1.4",
      "resolved": "https://registry.npmjs.org/vue-cookie/-/vue-cookie-1.1.4.tgz",
      "integrity": "sha1-uLRtESvan5Oi9HAXwu1SgtIGT9o=",
      "dev": true,
      "requires": {
        "tiny-cookie": "^1.0"
      }
    }
  }
}
